// !$*UTF8*$!
{
	archiveVersion = 1;
	classes = {
	};
	objectVersion = 46;
	objects = {

/* Begin PBXBuildFile section */
		2BC18A651C88ED5B00DE51D2 /* AppDelegate.swift in Sources */ = {isa = PBXBuildFile; fileRef = 2BC18A641C88ED5B00DE51D2 /* AppDelegate.swift */; };
		2BC18A671C88ED5B00DE51D2 /* ViewController.swift in Sources */ = {isa = PBXBuildFile; fileRef = 2BC18A661C88ED5B00DE51D2 /* ViewController.swift */; };
		2BC18A6A1C88ED5B00DE51D2 /* Main.storyboard in Resources */ = {isa = PBXBuildFile; fileRef = 2BC18A681C88ED5B00DE51D2 /* Main.storyboard */; };
		2BC18A6C1C88ED5B00DE51D2 /* Assets.xcassets in Resources */ = {isa = PBXBuildFile; fileRef = 2BC18A6B1C88ED5B00DE51D2 /* Assets.xcassets */; };
		2BC18A6F1C88ED5B00DE51D2 /* LaunchScreen.storyboard in Resources */ = {isa = PBXBuildFile; fileRef = 2BC18A6D1C88ED5B00DE51D2 /* LaunchScreen.storyboard */; };
		2BC18A7A1C88ED5B00DE51D2 /* Mouse_TimerTests.swift in Sources */ = {isa = PBXBuildFile; fileRef = 2BC18A791C88ED5B00DE51D2 /* Mouse_TimerTests.swift */; };
		2BC18A851C88ED5B00DE51D2 /* Mouse_TimerUITests.swift in Sources */ = {isa = PBXBuildFile; fileRef = 2BC18A841C88ED5B00DE51D2 /* Mouse_TimerUITests.swift */; };
/* End PBXBuildFile section */

/* Begin PBXContainerItemProxy section */
		2BC18A761C88ED5B00DE51D2 /* PBXContainerItemProxy */ = {
			isa = PBXContainerItemProxy;
			containerPortal = 2BC18A591C88ED5A00DE51D2 /* Project object */;
			proxyType = 1;
			remoteGlobalIDString = 2BC18A601C88ED5B00DE51D2;
			remoteInfo = "Mouse Timer";
		};
		2BC18A811C88ED5B00DE51D2 /* PBXContainerItemProxy */ = {
			isa = PBXContainerItemProxy;
			containerPortal = 2BC18A591C88ED5A00DE51D2 /* Project object */;
			proxyType = 1;
			remoteGlobalIDString = 2BC18A601C88ED5B00DE51D2;
			remoteInfo = "Mouse Timer";
		};
/* End PBXContainerItemProxy section */

/* Begin PBXFileReference section */
		2BC18A611C88ED5B00DE51D2 /* Mouse Timer.app */ = {isa = PBXFileReference; explicitFileType = wrapper.application; includeInIndex = 0; path = "Mouse Timer.app"; sourceTree = BUILT_PRODUCTS_DIR; };
		2BC18A641C88ED5B00DE51D2 /* AppDelegate.swift */ = {isa = PBXFileReference; lastKnownFileType = sourcecode.swift; path = AppDelegate.swift; sourceTree = "<group>"; };
		2BC18A661C88ED5B00DE51D2 /* ViewController.swift */ = {isa = PBXFileReference; lastKnownFileType = sourcecode.swift; path = ViewController.swift; sourceTree = "<group>"; };
		2BC18A691C88ED5B00DE51D2 /* Base */ = {isa = PBXFileReference; lastKnownFileType = file.storyboard; name = Base; path = Base.lproj/Main.storyboard; sourceTree = "<group>"; };
		2BC18A6B1C88ED5B00DE51D2 /* Assets.xcassets */ = {isa = PBXFileReference; lastKnownFileType = folder.assetcatalog; path = Assets.xcassets; sourceTree = "<group>"; };
		2BC18A6E1C88ED5B00DE51D2 /* Base */ = {isa = PBXFileReference; lastKnownFileType = file.storyboard; name = Base; path = Base.lproj/LaunchScreen.storyboard; sourceTree = "<group>"; };
		2BC18A701C88ED5B00DE51D2 /* Info.plist */ = {isa = PBXFileReference; lastKnownFileType = text.plist.xml; path = Info.plist; sourceTree = "<group>"; };
		2BC18A751C88ED5B00DE51D2 /* Mouse TimerTests.xctest */ = {isa = PBXFileReference; explicitFileType = wrapper.cfbundle; includeInIndex = 0; path = "Mouse TimerTests.xctest"; sourceTree = BUILT_PRODUCTS_DIR; };
		2BC18A791C88ED5B00DE51D2 /* Mouse_TimerTests.swift */ = {isa = PBXFileReference; lastKnownFileType = sourcecode.swift; path = Mouse_TimerTests.swift; sourceTree = "<group>"; };
		2BC18A7B1C88ED5B00DE51D2 /* Info.plist */ = {isa = PBXFileReference; lastKnownFileType = text.plist.xml; path = Info.plist; sourceTree = "<group>"; };
		2BC18A801C88ED5B00DE51D2 /* Mouse TimerUITests.xctest */ = {isa = PBXFileReference; explicitFileType = wrapper.cfbundle; includeInIndex = 0; path = "Mouse TimerUITests.xctest"; sourceTree = BUILT_PRODUCTS_DIR; };
		2BC18A841C88ED5B00DE51D2 /* Mouse_TimerUITests.swift */ = {isa = PBXFileReference; lastKnownFileType = sourcecode.swift; path = Mouse_TimerUITests.swift; sourceTree = "<group>"; };
		2BC18A861C88ED5B00DE51D2 /* Info.plist */ = {isa = PBXFileReference; lastKnownFileType = text.plist.xml; path = Info.plist; sourceTree = "<group>"; };
/* End PBXFileReference section */

/* Begin PBXFrameworksBuildPhase section */
		2BC18A5E1C88ED5B00DE51D2 /* Frameworks */ = {
			isa = PBXFrameworksBuildPhase;
			buildActionMask = 2147483647;
			files = (
			);
			runOnlyForDeploymentPostprocessing = 0;
		};
		2BC18A721C88ED5B00DE51D2 /* Frameworks */ = {
			isa = PBXFrameworksBuildPhase;
			buildActionMask = 2147483647;
			files = (
			);
			runOnlyForDeploymentPostprocessing = 0;
		};
		2BC18A7D1C88ED5B00DE51D2 /* Frameworks */ = {
			isa = PBXFrameworksBuildPhase;
			buildActionMask = 2147483647;
			files = (
			);
			runOnlyForDeploymentPostprocessing = 0;
		};
/* End PBXFrameworksBuildPhase section */

/* Begin PBXGroup section */
		2BC18A581C88ED5A00DE51D2 = {
			isa = PBXGroup;
			children = (
				2BC18A631C88ED5B00DE51D2 /* Mouse Timer */,
				2BC18A781C88ED5B00DE51D2 /* Mouse TimerTests */,
				2BC18A831C88ED5B00DE51D2 /* Mouse TimerUITests */,
				2BC18A621C88ED5B00DE51D2 /* Products */,
			);
			sourceTree = "<group>";
		};
		2BC18A621C88ED5B00DE51D2 /* Products */ = {
			isa = PBXGroup;
			children = (
				2BC18A611C88ED5B00DE51D2 /* Mouse Timer.app */,
				2BC18A751C88ED5B00DE51D2 /* Mouse TimerTests.xctest */,
				2BC18A801C88ED5B00DE51D2 /* Mouse TimerUITests.xctest */,
			);
			name = Products;
			sourceTree = "<group>";
		};
		2BC18A631C88ED5B00DE51D2 /* Mouse Timer */ = {
			isa = PBXGroup;
			children = (
				2BC18A641C88ED5B00DE51D2 /* AppDelegate.swift */,
				2BC18A661C88ED5B00DE51D2 /* ViewController.swift */,
				2BC18A681C88ED5B00DE51D2 /* Main.storyboard */,
				2BC18A6B1C88ED5B00DE51D2 /* Assets.xcassets */,
				2BC18A6D1C88ED5B00DE51D2 /* LaunchScreen.storyboard */,
				2BC18A701C88ED5B00DE51D2 /* Info.plist */,
			);
			path = "Mouse Timer";
			sourceTree = "<group>";
		};
		2BC18A781C88ED5B00DE51D2 /* Mouse TimerTests */ = {
			isa = PBXGroup;
			children = (
				2BC18A791C88ED5B00DE51D2 /* Mouse_TimerTests.swift */,
				2BC18A7B1C88ED5B00DE51D2 /* Info.plist */,
			);
			path = "Mouse TimerTests";
			sourceTree = "<group>";
		};
		2BC18A831C88ED5B00DE51D2 /* Mouse TimerUITests */ = {
			isa = PBXGroup;
			children = (
				2BC18A841C88ED5B00DE51D2 /* Mouse_TimerUITests.swift */,
				2BC18A861C88ED5B00DE51D2 /* Info.plist */,
			);
			path = "Mouse TimerUITests";
			sourceTree = "<group>";
		};
/* End PBXGroup section */

/* Begin PBXNativeTarget section */
		2BC18A601C88ED5B00DE51D2 /* Mouse Timer */ = {
			isa = PBXNativeTarget;
			buildConfigurationList = 2BC18A891C88ED5B00DE51D2 /* Build configuration list for PBXNativeTarget "Mouse Timer" */;
			buildPhases = (
				2BC18A5D1C88ED5B00DE51D2 /* Sources */,
				2BC18A5E1C88ED5B00DE51D2 /* Frameworks */,
				2BC18A5F1C88ED5B00DE51D2 /* Resources */,
			);
			buildRules = (
			);
			dependencies = (
			);
			name = "Mouse Timer";
			productName = "Mouse Timer";
			productReference = 2BC18A611C88ED5B00DE51D2 /* Mouse Timer.app */;
			productType = "com.apple.product-type.application";
		};
		2BC18A741C88ED5B00DE51D2 /* Mouse TimerTests */ = {
			isa = PBXNativeTarget;
			buildConfigurationList = 2BC18A8C1C88ED5B00DE51D2 /* Build configuration list for PBXNativeTarget "Mouse TimerTests" */;
			buildPhases = (
				2BC18A711C88ED5B00DE51D2 /* Sources */,
				2BC18A721C88ED5B00DE51D2 /* Frameworks */,
				2BC18A731C88ED5B00DE51D2 /* Resources */,
			);
			buildRules = (
			);
			dependencies = (
				2BC18A771C88ED5B00DE51D2 /* PBXTargetDependency */,
			);
			name = "Mouse TimerTests";
			productName = "Mouse TimerTests";
			productReference = 2BC18A751C88ED5B00DE51D2 /* Mouse TimerTests.xctest */;
			productType = "com.apple.product-type.bundle.unit-test";
		};
		2BC18A7F1C88ED5B00DE51D2 /* Mouse TimerUITests */ = {
			isa = PBXNativeTarget;
			buildConfigurationList = 2BC18A8F1C88ED5B00DE51D2 /* Build configuration list for PBXNativeTarget "Mouse TimerUITests" */;
			buildPhases = (
				2BC18A7C1C88ED5B00DE51D2 /* Sources */,
				2BC18A7D1C88ED5B00DE51D2 /* Frameworks */,
				2BC18A7E1C88ED5B00DE51D2 /* Resources */,
			);
			buildRules = (
			);
			dependencies = (
				2BC18A821C88ED5B00DE51D2 /* PBXTargetDependency */,
			);
			name = "Mouse TimerUITests";
			productName = "Mouse TimerUITests";
			productReference = 2BC18A801C88ED5B00DE51D2 /* Mouse TimerUITests.xctest */;
			productType = "com.apple.product-type.bundle.ui-testing";
		};
/* End PBXNativeTarget section */

/* Begin PBXProject section */
		2BC18A591C88ED5A00DE51D2 /* Project object */ = {
			isa = PBXProject;
			attributes = {
				LastSwiftUpdateCheck = 0720;
				LastUpgradeCheck = 0720;
				ORGANIZATIONNAME = "Wesley Moy";
				TargetAttributes = {
					2BC18A601C88ED5B00DE51D2 = {
						CreatedOnToolsVersion = 7.2.1;
					};
					2BC18A741C88ED5B00DE51D2 = {
						CreatedOnToolsVersion = 7.2.1;
						TestTargetID = 2BC18A601C88ED5B00DE51D2;
					};
					2BC18A7F1C88ED5B00DE51D2 = {
						CreatedOnToolsVersion = 7.2.1;
						TestTargetID = 2BC18A601C88ED5B00DE51D2;
					};
				};
			};
			buildConfigurationList = 2BC18A5C1C88ED5A00DE51D2 /* Build configuration list for PBXProject "Mouse Timer" */;
			compatibilityVersion = "Xcode 3.2";
			developmentRegion = English;
			hasScannedForEncodings = 0;
			knownRegions = (
				en,
				Base,
			);
			mainGroup = 2BC18A581C88ED5A00DE51D2;
			productRefGroup = 2BC18A621C88ED5B00DE51D2 /* Products */;
			projectDirPath = "";
			projectRoot = "";
			targets = (
				2BC18A601C88ED5B00DE51D2 /* Mouse Timer */,
				2BC18A741C88ED5B00DE51D2 /* Mouse TimerTests */,
				2BC18A7F1C88ED5B00DE51D2 /* Mouse TimerUITests */,
			);
		};
/* End PBXProject section */

/* Begin PBXResourcesBuildPhase section */
		2BC18A5F1C88ED5B00DE51D2 /* Resources */ = {
			isa = PBXResourcesBuildPhase;
			buildActionMask = 2147483647;
			files = (
				2BC18A6F1C88ED5B00DE51D2 /* LaunchScreen.storyboard in Resources */,
				2BC18A6C1C88ED5B00DE51D2 /* Assets.xcassets in Resources */,
				2BC18A6A1C88ED5B00DE51D2 /* Main.storyboard in Resources */,
			);
			runOnlyForDeploymentPostprocessing = 0;
		};
		2BC18A731C88ED5B00DE51D2 /* Resources */ = {
			isa = PBXResourcesBuildPhase;
			buildActionMask = 2147483647;
			files = (
			);
			runOnlyForDeploymentPostprocessing = 0;
		};
		2BC18A7E1C88ED5B00DE51D2 /* Resources */ = {
			isa = PBXResourcesBuildPhase;
			buildActionMask = 2147483647;
			files = (
			);
			runOnlyForDeploymentPostprocessing = 0;
		};
/* End PBXResourcesBuildPhase section */

/* Begin PBXSourcesBuildPhase section */
		2BC18A5D1C88ED5B00DE51D2 /* Sources */ = {
			isa = PBXSourcesBuildPhase;
			buildActionMask = 2147483647;
			files = (
				2BC18A671C88ED5B00DE51D2 /* ViewController.swift in Sources */,
				2BC18A651C88ED5B00DE51D2 /* AppDelegate.swift in Sources */,
			);
			runOnlyForDeploymentPostprocessing = 0;
		};
		2BC18A711C88ED5B00DE51D2 /* Sources */ = {
			isa = PBXSourcesBuildPhase;
			buildActionMask = 2147483647;
			files = (
				2BC18A7A1C88ED5B00DE51D2 /* Mouse_TimerTests.swift in Sources */,
			);
			runOnlyForDeploymentPostprocessing = 0;
		};
		2BC18A7C1C88ED5B00DE51D2 /* Sources */ = {
			isa = PBXSourcesBuildPhase;
			buildActionMask = 2147483647;
			files = (
				2BC18A851C88ED5B00DE51D2 /* Mouse_TimerUITests.swift in Sources */,
			);
			runOnlyForDeploymentPostprocessing = 0;
		};
/* End PBXSourcesBuildPhase section */

/* Begin PBXTargetDependency section */
		2BC18A771C88ED5B00DE51D2 /* PBXTargetDependency */ = {
			isa = PBXTargetDependency;
			target = 2BC18A601C88ED5B00DE51D2 /* Mouse Timer */;
			targetProxy = 2BC18A761C88ED5B00DE51D2 /* PBXContainerItemProxy */;
		};
		2BC18A821C88ED5B00DE51D2 /* PBXTargetDependency */ = {
			isa = PBXTargetDependency;
			target = 2BC18A601C88ED5B00DE51D2 /* Mouse Timer */;
			targetProxy = 2BC18A811C88ED5B00DE51D2 /* PBXContainerItemProxy */;
		};
/* End PBXTargetDependency section */

/* Begin PBXVariantGroup section */
		2BC18A681C88ED5B00DE51D2 /* Main.storyboard */ = {
			isa = PBXVariantGroup;
			children = (
				2BC18A691C88ED5B00DE51D2 /* Base */,
			);
			name = Main.storyboard;
			sourceTree = "<group>";
		};
		2BC18A6D1C88ED5B00DE51D2 /* LaunchScreen.storyboard */ = {
			isa = PBXVariantGroup;
			children = (
				2BC18A6E1C88ED5B00DE51D2 /* Base */,
			);
			name = LaunchScreen.storyboard;
			sourceTree = "<group>";
		};
/* End PBXVariantGroup section */

/* Begin XCBuildConfiguration section */
		2BC18A871C88ED5B00DE51D2 /* Debug */ = {
			isa = XCBuildConfiguration;
			buildSettings = {
				ALWAYS_SEARCH_USER_PATHS = NO;
				CLANG_CXX_LANGUAGE_STANDARD = "gnu++0x";
				CLANG_CXX_LIBRARY = "libc++";
				CLANG_ENABLE_MODULES = YES;
				CLANG_ENABLE_OBJC_ARC = YES;
				CLANG_WARN_BOOL_CONVERSION = YES;
				CLANG_WARN_CONSTANT_CONVERSION = YES;
				CLANG_WARN_DIRECT_OBJC_ISA_USAGE = YES_ERROR;
				CLANG_WARN_EMPTY_BODY = YES;
				CLANG_WARN_ENUM_CONVERSION = YES;
				CLANG_WARN_INT_CONVERSION = YES;
				CLANG_WARN_OBJC_ROOT_CLASS = YES_ERROR;
				CLANG_WARN_UNREACHABLE_CODE = YES;
				CLANG_WARN__DUPLICATE_METHOD_MATCH = YES;
				"CODE_SIGN_IDENTITY[sdk=iphoneos*]" = "iPhone Developer";
				COPY_PHASE_STRIP = NO;
				DEBUG_INFORMATION_FORMAT = dwarf;
				ENABLE_STRICT_OBJC_MSGSEND = YES;
				ENABLE_TESTABILITY = YES;
				GCC_C_LANGUAGE_STANDARD = gnu99;
				GCC_DYNAMIC_NO_PIC = NO;
				GCC_NO_COMMON_BLOCKS = YES;
				GCC_OPTIMIZATION_LEVEL = 0;
				GCC_PREPROCESSOR_DEFINITIONS = (
					"DEBUG=1",
					"$(inherited)",
				);
				GCC_WARN_64_TO_32_BIT_CONVERSION = YES;
				GCC_WARN_ABOUT_RETURN_TYPE = YES_ERROR;
				GCC_WARN_UNDECLARED_SELECTOR = YES;
				GCC_WARN_UNINITIALIZED_AUTOS = YES_AGGRESSIVE;
				GCC_WARN_UNUSED_FUNCTION = YES;
				GCC_WARN_UNUSED_VARIABLE = YES;
				IPHONEOS_DEPLOYMENT_TARGET = 9.2;
				MTL_ENABLE_DEBUG_INFO = YES;
				ONLY_ACTIVE_ARCH = YES;
				SDKROOT = iphoneos;
				SWIFT_OPTIMIZATION_LEVEL = "-Onone";
				TARGETED_DEVICE_FAMILY = "1,2";
			};
			name = Debug;
		};
		2BC18A881C88ED5B00DE51D2 /* Release */ = {
			isa = XCBuildConfiguration;
			buildSettings = {
				ALWAYS_SEARCH_USER_PATHS = NO;
				CLANG_CXX_LANGUAGE_STANDARD = "gnu++0x";
				CLANG_CXX_LIBRARY = "libc++";
				CLANG_ENABLE_MODULES = YES;
				CLANG_ENABLE_OBJC_ARC = YES;
				CLANG_WARN_BOOL_CONVERSION = YES;
				CLANG_WARN_CONSTANT_CONVERSION = YES;
				CLANG_WARN_DIRECT_OBJC_ISA_USAGE = YES_ERROR;
				CLANG_WARN_EMPTY_BODY = YES;
				CLANG_WARN_ENUM_CONVERSION = YES;
				CLANG_WARN_INT_CONVERSION = YES;
				CLANG_WARN_OBJC_ROOT_CLASS = YES_ERROR;
				CLANG_WARN_UNREACHABLE_CODE = YES;
				CLANG_WARN__DUPLICATE_METHOD_MATCH = YES;
				"CODE_SIGN_IDENTITY[sdk=iphoneos*]" = "iPhone Developer";
				COPY_PHASE_STRIP = NO;
				DEBUG_INFORMATION_FORMAT = "dwarf-with-dsym";
				ENABLE_NS_ASSERTIONS = NO;
				ENABLE_STRICT_OBJC_MSGSEND = YES;
				GCC_C_LANGUAGE_STANDARD = gnu99;
				GCC_NO_COMMON_BLOCKS = YES;
				GCC_WARN_64_TO_32_BIT_CONVERSION = YES;
				GCC_WARN_ABOUT_RETURN_TYPE = YES_ERROR;
				GCC_WARN_UNDECLARED_SELECTOR = YES;
				GCC_WARN_UNINITIALIZED_AUTOS = YES_AGGRESSIVE;
				GCC_WARN_UNUSED_FUNCTION = YES;
				GCC_WARN_UNUSED_VARIABLE = YES;
				IPHONEOS_DEPLOYMENT_TARGET = 9.2;
				MTL_ENABLE_DEBUG_INFO = NO;
				SDKROOT = iphoneos;
				TARGETED_DEVICE_FAMILY = "1,2";
				VALIDATE_PRODUCT = YES;
			};
			name = Release;
		};
		2BC18A8A1C88ED5B00DE51D2 /* Debug */ = {
			isa = XCBuildConfiguration;
			buildSettings = {
				ASSETCATALOG_COMPILER_APPICON_NAME = AppIcon;
				INFOPLIST_FILE = "Mouse Timer/Info.plist";
				LD_RUNPATH_SEARCH_PATHS = "$(inherited) @executable_path/Frameworks";
				PRODUCT_BUNDLE_IDENTIFIER = "com.wesleymoy.Mouse-Timer";
				PRODUCT_NAME = "$(TARGET_NAME)";
			};
			name = Debug;
		};
		2BC18A8B1C88ED5B00DE51D2 /* Release */ = {
			isa = XCBuildConfiguration;
			buildSettings = {
				ASSETCATALOG_COMPILER_APPICON_NAME = AppIcon;
				INFOPLIST_FILE = "Mouse Timer/Info.plist";
				LD_RUNPATH_SEARCH_PATHS = "$(inherited) @executable_path/Frameworks";
				PRODUCT_BUNDLE_IDENTIFIER = "com.wesleymoy.Mouse-Timer";
				PRODUCT_NAME = "$(TARGET_NAME)";
			};
			name = Release;
		};
		2BC18A8D1C88ED5B00DE51D2 /* Debug */ = {
			isa = XCBuildConfiguration;
			buildSettings = {
				BUNDLE_LOADER = "$(TEST_HOST)";
				INFOPLIST_FILE = "Mouse TimerTests/Info.plist";
				LD_RUNPATH_SEARCH_PATHS = "$(inherited) @executable_path/Frameworks @loader_path/Frameworks";
				PRODUCT_BUNDLE_IDENTIFIER = "com.wesleymoy.Mouse-TimerTests";
				PRODUCT_NAME = "$(TARGET_NAME)";
				TEST_HOST = "$(BUILT_PRODUCTS_DIR)/Mouse Timer.app/Mouse Timer";
			};
			name = Debug;
		};
		2BC18A8E1C88ED5B00DE51D2 /* Release */ = {
			isa = XCBuildConfiguration;
			buildSettings = {
				BUNDLE_LOADER = "$(TEST_HOST)";
				INFOPLIST_FILE = "Mouse TimerTests/Info.plist";
				LD_RUNPATH_SEARCH_PATHS = "$(inherited) @executable_path/Frameworks @loader_path/Frameworks";
				PRODUCT_BUNDLE_IDENTIFIER = "com.wesleymoy.Mouse-TimerTests";
				PRODUCT_NAME = "$(TARGET_NAME)";
				TEST_HOST = "$(BUILT_PRODUCTS_DIR)/Mouse Timer.app/Mouse Timer";
			};
			name = Release;
		};
		2BC18A901C88ED5B00DE51D2 /* Debug */ = {
			isa = XCBuildConfiguration;
			buildSettings = {
				INFOPLIST_FILE = "Mouse TimerUITests/Info.plist";
				LD_RUNPATH_SEARCH_PATHS = "$(inherited) @executable_path/Frameworks @loader_path/Frameworks";
				PRODUCT_BUNDLE_IDENTIFIER = "com.wesleymoy.Mouse-TimerUITests";
				PRODUCT_NAME = "$(TARGET_NAME)";
				TEST_TARGET_NAME = "Mouse Timer";
				USES_XCTRUNNER = YES;
			};
			name = Debug;
		};
		2BC18A911C88ED5B00DE51D2 /* Release */ = {
			isa = XCBuildConfiguration;
			buildSettings = {
				INFOPLIST_FILE = "Mouse TimerUITests/Info.plist";
				LD_RUNPATH_SEARCH_PATHS = "$(inherited) @executable_path/Frameworks @loader_path/Frameworks";
				PRODUCT_BUNDLE_IDENTIFIER = "com.wesleymoy.Mouse-TimerUITests";
				PRODUCT_NAME = "$(TARGET_NAME)";
				TEST_TARGET_NAME = "Mouse Timer";
				USES_XCTRUNNER = YES;
			};
			name = Release;
		};
/* End XCBuildConfiguration section */

/* Begin XCConfigurationList section */
		2BC18A5C1C88ED5A00DE51D2 /* Build configuration list for PBXProject "Mouse Timer" */ = {
			isa = XCConfigurationList;
			buildConfigurations = (
				2BC18A871C88ED5B00DE51D2 /* Debug */,
				2BC18A881C88ED5B00DE51D2 /* Release */,
			);
			defaultConfigurationIsVisible = 0;
			defaultConfigurationName = Release;
		};
		2BC18A891C88ED5B00DE51D2 /* Build configuration list for PBXNativeTarget "Mouse Timer" */ = {
			isa = XCConfigurationList;
			buildConfigurations = (
				2BC18A8A1C88ED5B00DE51D2 /* Debug */,
				2BC18A8B1C88ED5B00DE51D2 /* Release */,
			);
			defaultConfigurationIsVisible = 0;
		};
		2BC18A8C1C88ED5B00DE51D2 /* Build configuration list for PBXNativeTarget "Mouse TimerTests" */ = {
			isa = XCConfigurationList;
			buildConfigurations = (
				2BC18A8D1C88ED5B00DE51D2 /* Debug */,
				2BC18A8E1C88ED5B00DE51D2 /* Release */,
			);
			defaultConfigurationIsVisible = 0;
		};
		2BC18A8F1C88ED5B00DE51D2 /* Build configuration list for PBXNativeTarget "Mouse TimerUITests" */ = {
			isa = XCConfigurationList;
			buildConfigurations = (
				2BC18A901C88ED5B00DE51D2 /* Debug */,
				2BC18A911C88ED5B00DE51D2 /* Release */,
			);
			defaultConfigurationIsVisible = 0;
		};
/* End XCConfigurationList section */
	};
	rootObject = 2BC18A591C88ED5A00DE51D2 /* Project object */;
}
